
Microsoft Visual Studio Solution File, Format Version 12.00
# Visual Studio 15
VisualStudioVersion = 15.0.27428.2043
MinimumVisualStudioVersion = 10.0.40219.1
Project("{FAE04EC0-301F-11D3-BF4B-00C04F79EFBC}") = "RestAPI", "RestAPI\RestAPI.csproj", "{E2C4D2DA-D754-49ED-9E3D-D737A0B98A85}"
EndProject
Project("{FAE04EC0-301F-11D3-BF4B-00C04F79EFBC}") = "RestWPF", "RestWPF\RestWPF.csproj", "{E9C3CACC-6956-4707-812C-3EE86794FE6D}"
EndProject
Global
	GlobalSection(SolutionConfigurationPlatforms) = preSolution
		Debug|Any CPU = Debug|Any CPU
		Release|Any CPU = Release|Any CPU
	EndGlobalSection
	GlobalSection(ProjectConfigurationPlatforms) = postSolution
		{E2C4D2DA-D754-49ED-9E3D-D737A0B98A85}.Debug|Any CPU.ActiveCfg = Debug|Any CPU
		{E2C4D2DA-D754-49ED-9E3D-D737A0B98A85}.Debug|Any CPU.Build.0 = Debug|Any CPU
		{E2C4D2DA-D754-49ED-9E3D-D737A0B98A85}.Release|Any CPU.ActiveCfg = Release|Any CPU
		{E2C4D2DA-D754-49ED-9E3D-D737A0B98A85}.Release|Any CPU.Build.0 = Release|Any CPU
		{E9C3CACC-6956-4707-812C-3EE86794FE6D}.Debug|Any CPU.ActiveCfg = Debug|Any CPU
		{E9C3CACC-6956-4707-812C-3EE86794FE6D}.Debug|Any CPU.Build.0 = Debug|Any CPU
		{E9C3CACC-6956-4707-812C-3EE86794FE6D}.Release|Any CPU.ActiveCfg = Release|Any CPU
		{E9C3CACC-6956-4707-812C-3EE86794FE6D}.Release|Any CPU.Build.0 = Release|Any CPU
	EndGlobalSection
	GlobalSection(SolutionProperties) = preSolution
		HideSolutionNode = FALSE
	EndGlobalSection
	GlobalSection(ExtensibilityGlobals) = postSolution
		SolutionGuid = {F531CD5F-B677-4052-B5AE-C7C2EAE94A59}
	EndGlobalSection
EndGlobal
